schema: '2.0'
stages:
  preprocess:
    cmd: python3 preprocess_dataset.py
    deps:
    - path: preprocess_dataset.py
      hash: md5
      md5: 9728c641741280fe25f068358ed99be6
      size: 3392
    - path: raw_dataset/weather.csv
      hash: md5
      md5: 2968a54f969d7b1e1bfe6c8346bc2c4a
      size: 10105884
    - path: utils_and_constants.py
      hash: md5
      md5: 7f67fd6ce1bc59a6992a4f32f0d62e4e
      size: 1562
    outs:
    - path: processed_dataset/weather.csv
      hash: md5
      md5: aca6da1ed30d43918b2a1e61eff72f4b
      size: 40026903
  hp_tune:
    cmd: python3 hp_tuning.py
    deps:
    - path: hp_config.json
      hash: md5
      md5: 6abe91338281f185a1a2543317e44487
      size: 92
    - path: hp_tuning.py
      hash: md5
      md5: a84cadda95b41a684ba4ac81558eb484
      size: 1264
    - path: processed_dataset/weather.csv
      hash: md5
      md5: aca6da1ed30d43918b2a1e61eff72f4b
      size: 40026903
    - path: utils_and_constants.py
      hash: md5
      md5: 7f67fd6ce1bc59a6992a4f32f0d62e4e
      size: 1562
    outs:
    - path: hp_tuning_results.md
      hash: md5
      md5: 8f42b7c585209e2daae251be2a4fc68b
      size: 1198
  train:
    cmd: python3 train.py
    deps:
    - path: metrics_and_plots.py
      hash: md5
      md5: 68673e630a07bbfd82327ad155cba9e7
      size: 992
    - path: model.py
      hash: md5
      md5: 8ebcde4f2b53a880245c4267906e19b0
      size: 1032
    - path: processed_dataset/weather.csv
      hash: md5
      md5: aca6da1ed30d43918b2a1e61eff72f4b
      size: 40026903
    - path: rfc_best_params.json
      hash: md5
      md5: 4fb13c75baa07df2b38661981376d049
      size: 58
    - path: train.py
      hash: md5
      md5: a3660d6c32d23431cf2fef6829d730b7
      size: 978
    - path: utils_and_constants.py
      hash: md5
      md5: 7f67fd6ce1bc59a6992a4f32f0d62e4e
      size: 1562
    outs:
    - path: metrics.json
      hash: md5
      md5: 54ca2f191f80d5f522d920c70437baf2
      size: 79
    - path: predictions.csv
      hash: md5
      md5: c01484fc17f0614c13469604524141f8
      size: 99543
    - path: roc_curve.csv
      hash: md5
      md5: 9d807948dabedb62362f05fc3ef73755
      size: 303990
